
Microsoft Visual Studio Solution File, Format Version 12.00
# Visual Studio Version 17
VisualStudioVersion = 17.6.33815.320
MinimumVisualStudioVersion = 10.0.40219.1
Project("{FAE04EC0-301F-11D3-BF4B-00C04F79EFBC}") = "InstagramClone", "InstagramClone\InstagramClone.csproj", "{5EAB7BB3-3BAE-48FB-9461-9280270E373E}"
EndProject
Global
	GlobalSection(SolutionConfigurationPlatforms) = preSolution
		Debug|Any CPU = Debug|Any CPU
		Release|Any CPU = Release|Any CPU
	EndGlobalSection
	GlobalSection(ProjectConfigurationPlatforms) = postSolution
		{5EAB7BB3-3BAE-48FB-9461-9280270E373E}.Debug|Any CPU.ActiveCfg = Debug|Any CPU
		{5EAB7BB3-3BAE-48FB-9461-9280270E373E}.Debug|Any CPU.Build.0 = Debug|Any CPU
		{5EAB7BB3-3BAE-48FB-9461-9280270E373E}.Release|Any CPU.ActiveCfg = Release|Any CPU
		{5EAB7BB3-3BAE-48FB-9461-9280270E373E}.Release|Any CPU.Build.0 = Release|Any CPU
	EndGlobalSection
	GlobalSection(SolutionProperties) = preSolution
		HideSolutionNode = FALSE
	EndGlobalSection
	GlobalSection(ExtensibilityGlobals) = postSolution
		SolutionGuid = {CBF7ECFF-326E-432F-A93D-5884B6B4F7D1}
	EndGlobalSection
EndGlobal
